
Microsoft Visual Studio Solution File, Format Version 12.00
# Visual Studio 15
VisualStudioVersion = 15.0.28307.960
MinimumVisualStudioVersion = 10.0.40219.1
Project("{FAE04EC0-301F-11D3-BF4B-00C04F79EFBC}") = "BridgeManager", "BridgeManager.csproj", "{BCC51D01-85D2-4332-B790-2384DA80F53A}"
EndProject
Global
	GlobalSection(SolutionConfigurationPlatforms) = preSolution
		Debug|Any CPU = Debug|Any CPU
		Release|Any CPU = Release|Any CPU
	EndGlobalSection
	GlobalSection(ProjectConfigurationPlatforms) = postSolution
		{BCC51D01-85D2-4332-B790-2384DA80F53A}.Debug|Any CPU.ActiveCfg = Debug|Any CPU
		{BCC51D01-85D2-4332-B790-2384DA80F53A}.Debug|Any CPU.Build.0 = Debug|Any CPU
		{BCC51D01-85D2-4332-B790-2384DA80F53A}.Release|Any CPU.ActiveCfg = Release|Any CPU
		{BCC51D01-85D2-4332-B790-2384DA80F53A}.Release|Any CPU.Build.0 = Release|Any CPU
	EndGlobalSection
	GlobalSection(SolutionProperties) = preSolution
		HideSolutionNode = FALSE
	EndGlobalSection
	GlobalSection(ExtensibilityGlobals) = postSolution
		SolutionGuid = {14670514-913E-4EE9-8445-A87380C84F3C}
	EndGlobalSection
EndGlobal
